
Microsoft Visual Studio Solution File, Format Version 12.00
# Visual Studio Version 17
VisualStudioVersion = 17.14.36811.4 d17.14
MinimumVisualStudioVersion = 10.0.40219.1
Project("{2150E333-8FDC-42A3-9474-1A3956D46DE8}") = "Application", "Application", "{02EA681E-C7D8-13C7-8484-4AC65E1B71E8}"
EndProject
Project("{2150E333-8FDC-42A3-9474-1A3956D46DE8}") = "Core", "Core", "{7201C696-0A5E-4700-890F-263F94B400DA}"
EndProject
Project("{2150E333-8FDC-42A3-9474-1A3956D46DE8}") = "Presentation", "Presentation", "{1DC87154-66B6-4024-8405-4C26D12BC5D9}"
EndProject
Project("{2150E333-8FDC-42A3-9474-1A3956D46DE8}") = "Solution Item", "Solution Item", "{21D6BD22-EECA-4516-ABBC-EEA9475E12CF}"
	ProjectSection(SolutionItems) = preProject
		Directory.Packages.props = Directory.Packages.props
	EndProjectSection
EndProject
Project("{FAE04EC0-301F-11D3-BF4B-00C04F79EFBC}") = "Application_Service", "Application_Service\Application_Service.csproj", "{3C39359F-BC6D-4082-9750-5205CB83D703}"
EndProject
Project("{FAE04EC0-301F-11D3-BF4B-00C04F79EFBC}") = "Domain_Service", "Domain_Service\Domain_Service.csproj", "{173F534C-25A1-4B32-B7C9-F1B29A11E0FD}"
EndProject
Project("{FAE04EC0-301F-11D3-BF4B-00C04F79EFBC}") = "Infrastructure_Service", "Infrastructure_Service\Infrastructure_Service.csproj", "{0097B49B-556E-49B1-947D-0CBC6B69C83C}"
EndProject
Project("{FAE04EC0-301F-11D3-BF4B-00C04F79EFBC}") = "APIGateWay_Service", "APIGateWay_Service\APIGateWay_Service.csproj", "{17F9C416-8841-4628-877A-8621B69A5C70}"
EndProject
Project("{2150E333-8FDC-42A3-9474-1A3956D46DE8}") = "Infrastructure", "Infrastructure", "{AF512E0F-BB7B-49A6-A9C3-9F861C19EE31}"
EndProject
Global
	GlobalSection(SolutionConfigurationPlatforms) = preSolution
		Debug|Any CPU = Debug|Any CPU
		Release|Any CPU = Release|Any CPU
	EndGlobalSection
	GlobalSection(ProjectConfigurationPlatforms) = postSolution
		{3C39359F-BC6D-4082-9750-5205CB83D703}.Debug|Any CPU.ActiveCfg = Debug|Any CPU
		{3C39359F-BC6D-4082-9750-5205CB83D703}.Debug|Any CPU.Build.0 = Debug|Any CPU
		{3C39359F-BC6D-4082-9750-5205CB83D703}.Release|Any CPU.ActiveCfg = Release|Any CPU
		{3C39359F-BC6D-4082-9750-5205CB83D703}.Release|Any CPU.Build.0 = Release|Any CPU
		{173F534C-25A1-4B32-B7C9-F1B29A11E0FD}.Debug|Any CPU.ActiveCfg = Debug|Any CPU
		{173F534C-25A1-4B32-B7C9-F1B29A11E0FD}.Debug|Any CPU.Build.0 = Debug|Any CPU
		{173F534C-25A1-4B32-B7C9-F1B29A11E0FD}.Release|Any CPU.ActiveCfg = Release|Any CPU
		{173F534C-25A1-4B32-B7C9-F1B29A11E0FD}.Release|Any CPU.Build.0 = Release|Any CPU
		{0097B49B-556E-49B1-947D-0CBC6B69C83C}.Debug|Any CPU.ActiveCfg = Debug|Any CPU
		{0097B49B-556E-49B1-947D-0CBC6B69C83C}.Debug|Any CPU.Build.0 = Debug|Any CPU
		{0097B49B-556E-49B1-947D-0CBC6B69C83C}.Release|Any CPU.ActiveCfg = Release|Any CPU
		{0097B49B-556E-49B1-947D-0CBC6B69C83C}.Release|Any CPU.Build.0 = Release|Any CPU
		{17F9C416-8841-4628-877A-8621B69A5C70}.Debug|Any CPU.ActiveCfg = Debug|Any CPU
		{17F9C416-8841-4628-877A-8621B69A5C70}.Debug|Any CPU.Build.0 = Debug|Any CPU
		{17F9C416-8841-4628-877A-8621B69A5C70}.Release|Any CPU.ActiveCfg = Release|Any CPU
		{17F9C416-8841-4628-877A-8621B69A5C70}.Release|Any CPU.Build.0 = Release|Any CPU
	EndGlobalSection
	GlobalSection(SolutionProperties) = preSolution
		HideSolutionNode = FALSE
	EndGlobalSection
	GlobalSection(NestedProjects) = preSolution
		{3C39359F-BC6D-4082-9750-5205CB83D703} = {02EA681E-C7D8-13C7-8484-4AC65E1B71E8}
		{173F534C-25A1-4B32-B7C9-F1B29A11E0FD} = {7201C696-0A5E-4700-890F-263F94B400DA}
		{0097B49B-556E-49B1-947D-0CBC6B69C83C} = {AF512E0F-BB7B-49A6-A9C3-9F861C19EE31}
		{17F9C416-8841-4628-877A-8621B69A5C70} = {1DC87154-66B6-4024-8405-4C26D12BC5D9}
	EndGlobalSection
	GlobalSection(ExtensibilityGlobals) = postSolution
		SolutionGuid = {39E0DEBC-AF09-471C-89E7-595ECFDC31E4}
	EndGlobalSection
EndGlobal
